PODS:
  - Airborne (0.30.1)
  - bbps_sdk_flutter (0.0.2):
    - BBPSSDK (>= 0.0.5)
    - Flutter
  - BBPSSDK (0.0.5):
    - HyperSDK (= 2.2.7)
  - Flutter (1.0.0)
  - HyperCore (1.0.0)
  - HyperSDK (2.2.7):
    - Airborne (= 0.30.1)
    - HyperCore (= 1.0.0)
    - JuspaySafeBrowser (= 0.1.94)
  - integration_test (0.0.1):
    - Flutter
  - JuspaySafeBrowser (0.1.94)

DEPENDENCIES:
  - bbps_sdk_flutter (from `.symlinks/plugins/bbps_sdk_flutter/ios`)
  - BBPSSDK (from `https://github.com/juspay/bbps-ios.git`, tag `v0.0.5`)
  - Flutter (from `Flutter`)
  - integration_test (from `.symlinks/plugins/integration_test/ios`)

SPEC REPOS:
  trunk:
    - Airborne
    - HyperCore
    - HyperSDK
    - JuspaySafeBrowser

EXTERNAL SOURCES:
  bbps_sdk_flutter:
    :path: ".symlinks/plugins/bbps_sdk_flutter/ios"
  BBPSSDK:
    :git: https://github.com/juspay/bbps-ios.git
    :tag: v0.0.5
  Flutter:
    :path: Flutter
  integration_test:
    :path: ".symlinks/plugins/integration_test/ios"

CHECKOUT OPTIONS:
  BBPSSDK:
    :git: https://github.com/juspay/bbps-ios.git
    :tag: v0.0.5

SPEC CHECKSUMS:
  Airborne: 75d28fa4564da09a6873958c5e9bb5cc087bd7a8
  bbps_sdk_flutter: 82dd2e4c6413730b161183932399e717ea8fc728
  BBPSSDK: 45ae18828e23df56785682546ee74b85071df324
  Flutter: cabc95a1d2626b1b06e7179b784ebcf0c0cde467
  HyperCore: ecb6079d68718fbb45307d48d0282f82d9799c59
  HyperSDK: 3f349da298264f44294201be8ab21e94cb424e7e
  integration_test: 4a889634ef21a45d28d50d622cf412dc6d9f586e
  JuspaySafeBrowser: 8141eb92fe4d77da997907a0c5eadc0616bce2fa

PODFILE CHECKSUM: a9e5e279dda9bb175fd524ac03a5a5fd99ddf7eb

COCOAPODS: 1.16.2
